
Microsoft Visual Studio Solution File, Format Version 12.00
# Visual Studio Version 17
VisualStudioVersion = 17.4.33205.214
MinimumVisualStudioVersion = 10.0.40219.1
Project("{FAE04EC0-301F-11D3-BF4B-00C04F79EFBC}") = "testscroll", "testscroll.csproj", "{42FB21A8-9D51-44AD-B750-9CB4F7412D92}"
EndProject
Global
	GlobalSection(SolutionConfigurationPlatforms) = preSolution
		Debug|Any CPU = Debug|Any CPU
		Release|Any CPU = Release|Any CPU
	EndGlobalSection
	GlobalSection(ProjectConfigurationPlatforms) = postSolution
		{42FB21A8-9D51-44AD-B750-9CB4F7412D92}.Debug|Any CPU.ActiveCfg = Debug|Any CPU
		{42FB21A8-9D51-44AD-B750-9CB4F7412D92}.Debug|Any CPU.Build.0 = Debug|Any CPU
		{42FB21A8-9D51-44AD-B750-9CB4F7412D92}.Release|Any CPU.ActiveCfg = Release|Any CPU
		{42FB21A8-9D51-44AD-B750-9CB4F7412D92}.Release|Any CPU.Build.0 = Release|Any CPU
	EndGlobalSection
	GlobalSection(SolutionProperties) = preSolution
		HideSolutionNode = FALSE
	EndGlobalSection
	GlobalSection(ExtensibilityGlobals) = postSolution
		SolutionGuid = {0881FDA1-C5C2-49CC-9867-2B9E9C491FC8}
	EndGlobalSection
EndGlobal
